
Microsoft Visual Studio Solution File, Format Version 12.00
# Visual Studio Version 17
VisualStudioVersion = 17.2.32630.192
MinimumVisualStudioVersion = 10.0.40219.1
Project("{FAE04EC0-301F-11D3-BF4B-00C04F79EFBC}") = "Inventory Management Project", "Inventory Management Project\Inventory Management Project.csproj", "{A1B833FD-67BD-44CD-9CE0-E6A6B58DE27E}"
EndProject
Global
	GlobalSection(SolutionConfigurationPlatforms) = preSolution
		Debug|Any CPU = Debug|Any CPU
		Release|Any CPU = Release|Any CPU
	EndGlobalSection
	GlobalSection(ProjectConfigurationPlatforms) = postSolution
		{A1B833FD-67BD-44CD-9CE0-E6A6B58DE27E}.Debug|Any CPU.ActiveCfg = Debug|Any CPU
		{A1B833FD-67BD-44CD-9CE0-E6A6B58DE27E}.Debug|Any CPU.Build.0 = Debug|Any CPU
		{A1B833FD-67BD-44CD-9CE0-E6A6B58DE27E}.Release|Any CPU.ActiveCfg = Release|Any CPU
		{A1B833FD-67BD-44CD-9CE0-E6A6B58DE27E}.Release|Any CPU.Build.0 = Release|Any CPU
	EndGlobalSection
	GlobalSection(SolutionProperties) = preSolution
		HideSolutionNode = FALSE
	EndGlobalSection
	GlobalSection(ExtensibilityGlobals) = postSolution
		SolutionGuid = {AC5C59EA-AB06-4409-A56C-5A649C18E523}
	EndGlobalSection
EndGlobal
